
Microsoft Visual Studio Solution File, Format Version 12.00
# Visual Studio Version 17
VisualStudioVersion = 17.6.33723.286
MinimumVisualStudioVersion = 10.0.40219.1
Project("{2150E333-8FDC-42A3-9474-1A3956D46DE8}") = "src", "src", "{60F9C6FA-5D71-4466-BE0E-BE69D002085E}"
EndProject
Project("{2150E333-8FDC-42A3-9474-1A3956D46DE8}") = "test", "test", "{B4CE8206-BBFA-43C4-910A-BF4320DB40A4}"
EndProject
Project("{2150E333-8FDC-42A3-9474-1A3956D46DE8}") = "Api", "Api", "{4032561F-A589-40B3-99D0-CA7BFF727A84}"
EndProject
Project("{2150E333-8FDC-42A3-9474-1A3956D46DE8}") = "UI", "UI", "{BB436AAB-ABCB-4040-A21E-2730CDD799F3}"
EndProject
Project("{2150E333-8FDC-42A3-9474-1A3956D46DE8}") = "Core", "Core", "{0473A99F-A2EE-4E85-B349-24AE48DFCC1A}"
EndProject
Project("{2150E333-8FDC-42A3-9474-1A3956D46DE8}") = "Infrastructure", "Infrastructure", "{972468CB-0B5E-4D14-B46C-4EA345775627}"
EndProject
Project("{9A19103F-16F7-4668-BE54-9A1E7A4F7556}") = "SaudiStore.Domain", "SaudiStore.Domain\SaudiStore.Domain.csproj", "{A5CB6C06-0CDB-431D-B4BB-0A2CB1D43084}"
EndProject
Project("{9A19103F-16F7-4668-BE54-9A1E7A4F7556}") = "SaudiStore.Application", "SaudiStore.Application\SaudiStore.Application.csproj", "{FE4DF305-8602-4714-937C-7D33C0F77799}"
EndProject
Project("{9A19103F-16F7-4668-BE54-9A1E7A4F7556}") = "SaudiStore.Persistence", "SaudiStoe.Presistence\SaudiStore.Persistence.csproj", "{B563AA3A-5097-405C-96EE-F1239847F512}"
EndProject
Project("{9A19103F-16F7-4668-BE54-9A1E7A4F7556}") = "SaudiStore.Infrastructure", "SaudiStore.Infrastructure\SaudiStore.Infrastructure.csproj", "{0178C866-1695-4CD0-A9ED-F5F7AB53713E}"
EndProject
Project("{9A19103F-16F7-4668-BE54-9A1E7A4F7556}") = "SaudiStore.Api", "SaudiStore.Api\SaudiStore.Api.csproj", "{C55C6FAF-CC3E-4C03-8834-5DBDD56757AC}"
EndProject
Global
	GlobalSection(SolutionConfigurationPlatforms) = preSolution
		Debug|Any CPU = Debug|Any CPU
		Release|Any CPU = Release|Any CPU
	EndGlobalSection
	GlobalSection(ProjectConfigurationPlatforms) = postSolution
		{A5CB6C06-0CDB-431D-B4BB-0A2CB1D43084}.Debug|Any CPU.ActiveCfg = Debug|Any CPU
		{A5CB6C06-0CDB-431D-B4BB-0A2CB1D43084}.Debug|Any CPU.Build.0 = Debug|Any CPU
		{A5CB6C06-0CDB-431D-B4BB-0A2CB1D43084}.Release|Any CPU.ActiveCfg = Release|Any CPU
		{A5CB6C06-0CDB-431D-B4BB-0A2CB1D43084}.Release|Any CPU.Build.0 = Release|Any CPU
		{FE4DF305-8602-4714-937C-7D33C0F77799}.Debug|Any CPU.ActiveCfg = Debug|Any CPU
		{FE4DF305-8602-4714-937C-7D33C0F77799}.Debug|Any CPU.Build.0 = Debug|Any CPU
		{FE4DF305-8602-4714-937C-7D33C0F77799}.Release|Any CPU.ActiveCfg = Release|Any CPU
		{FE4DF305-8602-4714-937C-7D33C0F77799}.Release|Any CPU.Build.0 = Release|Any CPU
		{B563AA3A-5097-405C-96EE-F1239847F512}.Debug|Any CPU.ActiveCfg = Debug|Any CPU
		{B563AA3A-5097-405C-96EE-F1239847F512}.Debug|Any CPU.Build.0 = Debug|Any CPU
		{B563AA3A-5097-405C-96EE-F1239847F512}.Release|Any CPU.ActiveCfg = Release|Any CPU
		{B563AA3A-5097-405C-96EE-F1239847F512}.Release|Any CPU.Build.0 = Release|Any CPU
		{0178C866-1695-4CD0-A9ED-F5F7AB53713E}.Debug|Any CPU.ActiveCfg = Debug|Any CPU
		{0178C866-1695-4CD0-A9ED-F5F7AB53713E}.Debug|Any CPU.Build.0 = Debug|Any CPU
		{0178C866-1695-4CD0-A9ED-F5F7AB53713E}.Release|Any CPU.ActiveCfg = Release|Any CPU
		{0178C866-1695-4CD0-A9ED-F5F7AB53713E}.Release|Any CPU.Build.0 = Release|Any CPU
		{C55C6FAF-CC3E-4C03-8834-5DBDD56757AC}.Debug|Any CPU.ActiveCfg = Debug|Any CPU
		{C55C6FAF-CC3E-4C03-8834-5DBDD56757AC}.Debug|Any CPU.Build.0 = Debug|Any CPU
		{C55C6FAF-CC3E-4C03-8834-5DBDD56757AC}.Release|Any CPU.ActiveCfg = Release|Any CPU
		{C55C6FAF-CC3E-4C03-8834-5DBDD56757AC}.Release|Any CPU.Build.0 = Release|Any CPU
	EndGlobalSection
	GlobalSection(SolutionProperties) = preSolution
		HideSolutionNode = FALSE
	EndGlobalSection
	GlobalSection(NestedProjects) = preSolution
		{4032561F-A589-40B3-99D0-CA7BFF727A84} = {60F9C6FA-5D71-4466-BE0E-BE69D002085E}
		{BB436AAB-ABCB-4040-A21E-2730CDD799F3} = {60F9C6FA-5D71-4466-BE0E-BE69D002085E}
		{0473A99F-A2EE-4E85-B349-24AE48DFCC1A} = {60F9C6FA-5D71-4466-BE0E-BE69D002085E}
		{972468CB-0B5E-4D14-B46C-4EA345775627} = {60F9C6FA-5D71-4466-BE0E-BE69D002085E}
		{A5CB6C06-0CDB-431D-B4BB-0A2CB1D43084} = {0473A99F-A2EE-4E85-B349-24AE48DFCC1A}
		{FE4DF305-8602-4714-937C-7D33C0F77799} = {0473A99F-A2EE-4E85-B349-24AE48DFCC1A}
		{B563AA3A-5097-405C-96EE-F1239847F512} = {972468CB-0B5E-4D14-B46C-4EA345775627}
		{0178C866-1695-4CD0-A9ED-F5F7AB53713E} = {972468CB-0B5E-4D14-B46C-4EA345775627}
		{C55C6FAF-CC3E-4C03-8834-5DBDD56757AC} = {4032561F-A589-40B3-99D0-CA7BFF727A84}
	EndGlobalSection
	GlobalSection(ExtensibilityGlobals) = postSolution
		SolutionGuid = {962B1E92-BC78-4229-92D1-1FA4D1FA21EF}
	EndGlobalSection
EndGlobal
